github.com/archeopternix/go-fltk v0.0.0-20250906094057-27cfdf3359c1 h1:eFVLM2I/A5HyWKC4Tv4K7/2W1ED5mHpbPWpQjbGYU4w=
github.com/archeopternix/go-fltk v0.0.0-20250906094057-27cfdf3359c1/go.mod h1:Sa14pJkNwgwm/ulRPFBkr0Tn5LKPAsSULunegm3nIiU=
github.com/archeopternix/gofltk-keyvalue v1.0.1 h1:u4B8cLD856IbhL3DLjwZX3wNQck1qIrL67JHdkXl7Zo=
github.com/archeopternix/gofltk-keyvalue v1.0.1/go.mod h1:9pf5nS0dSkESSfCb3BwE4C5pBEno1Ic0lR1wvN2X3w8=
github.com/archeopternix/gofltk-keyvalue v1.0.2 h1:uuPIoIVmDjNTYPlaInQ/T5gpX9vrA/5Tv4Xtk0Nxvo8=
github.com/archeopternix/gofltk-keyvalue v1.0.2/go.mod h1:9pf5nS0dSkESSfCb3BwE4C5pBEno1Ic0lR1wvN2X3w8=
